
Microsoft Visual Studio Solution File, Format Version 12.00
# Visual Studio Version 17
VisualStudioVersion = 17.13.35931.197 d17.13
MinimumVisualStudioVersion = 10.0.40219.1
Project("{FAE04EC0-301F-11D3-BF4B-00C04F79EFBC}") = "project red", "project red\project red.csproj", "{561814B4-2A08-40EA-9F04-5C716BA4136D}"
EndProject
Global
	GlobalSection(SolutionConfigurationPlatforms) = preSolution
		Debug|Any CPU = Debug|Any CPU
		Release|Any CPU = Release|Any CPU
	EndGlobalSection
	GlobalSection(ProjectConfigurationPlatforms) = postSolution
		{561814B4-2A08-40EA-9F04-5C716BA4136D}.Debug|Any CPU.ActiveCfg = Debug|Any CPU
		{561814B4-2A08-40EA-9F04-5C716BA4136D}.Debug|Any CPU.Build.0 = Debug|Any CPU
		{561814B4-2A08-40EA-9F04-5C716BA4136D}.Release|Any CPU.ActiveCfg = Release|Any CPU
		{561814B4-2A08-40EA-9F04-5C716BA4136D}.Release|Any CPU.Build.0 = Release|Any CPU
	EndGlobalSection
	GlobalSection(SolutionProperties) = preSolution
		HideSolutionNode = FALSE
	EndGlobalSection
	GlobalSection(ExtensibilityGlobals) = postSolution
		SolutionGuid = {EF43FFFC-058B-4562-98FA-471F9E7FA0CD}
	EndGlobalSection
EndGlobal
